
Microsoft Visual Studio Solution File, Format Version 12.00
# Visual Studio Version 16
VisualStudioVersion = 16.0.31112.23
MinimumVisualStudioVersion = 10.0.40219.1
Project("{9A19103F-16F7-4668-BE54-9A1E7A4F7556}") = "IntroToEF", "IntroToEF\IntroToEF.csproj", "{9F1028D6-2944-4E87-B1CD-869DB067746A}"
EndProject
Project("{9A19103F-16F7-4668-BE54-9A1E7A4F7556}") = "IntroToEF.Data", "IntroToEF.Data\IntroToEF.Data.csproj", "{D7552C04-8836-4AC2-97F9-98B3EAC966C8}"
EndProject
Project("{FAE04EC0-301F-11D3-BF4B-00C04F79EFBC}") = "IntroToEF.Business", "IntroToEF.Business\IntroToEF.Business.csproj", "{4F4D2A7E-CF0A-44CB-A079-18FA87748699}"
EndProject
Global
	GlobalSection(SolutionConfigurationPlatforms) = preSolution
		Debug|Any CPU = Debug|Any CPU
		Release|Any CPU = Release|Any CPU
	EndGlobalSection
	GlobalSection(ProjectConfigurationPlatforms) = postSolution
		{9F1028D6-2944-4E87-B1CD-869DB067746A}.Debug|Any CPU.ActiveCfg = Debug|Any CPU
		{9F1028D6-2944-4E87-B1CD-869DB067746A}.Debug|Any CPU.Build.0 = Debug|Any CPU
		{9F1028D6-2944-4E87-B1CD-869DB067746A}.Release|Any CPU.ActiveCfg = Release|Any CPU
		{9F1028D6-2944-4E87-B1CD-869DB067746A}.Release|Any CPU.Build.0 = Release|Any CPU
		{D7552C04-8836-4AC2-97F9-98B3EAC966C8}.Debug|Any CPU.ActiveCfg = Debug|Any CPU
		{D7552C04-8836-4AC2-97F9-98B3EAC966C8}.Debug|Any CPU.Build.0 = Debug|Any CPU
		{D7552C04-8836-4AC2-97F9-98B3EAC966C8}.Release|Any CPU.ActiveCfg = Release|Any CPU
		{D7552C04-8836-4AC2-97F9-98B3EAC966C8}.Release|Any CPU.Build.0 = Release|Any CPU
		{4F4D2A7E-CF0A-44CB-A079-18FA87748699}.Debug|Any CPU.ActiveCfg = Debug|Any CPU
		{4F4D2A7E-CF0A-44CB-A079-18FA87748699}.Debug|Any CPU.Build.0 = Debug|Any CPU
		{4F4D2A7E-CF0A-44CB-A079-18FA87748699}.Release|Any CPU.ActiveCfg = Release|Any CPU
		{4F4D2A7E-CF0A-44CB-A079-18FA87748699}.Release|Any CPU.Build.0 = Release|Any CPU
	EndGlobalSection
	GlobalSection(SolutionProperties) = preSolution
		HideSolutionNode = FALSE
	EndGlobalSection
	GlobalSection(ExtensibilityGlobals) = postSolution
		SolutionGuid = {34B22CCF-0483-4BCC-82D9-816737F3771A}
	EndGlobalSection
EndGlobal
